// !$*UTF8*$!
{
	archiveVersion = 1;
	classes = {
	};
	objectVersion = 46;
	objects = {

/* Begin PBXBuildFile section */
		19ED034D1D9FB51600154A82 /* AppDelegate.swift in Sources */ = {isa = PBXBuildFile; fileRef = 19ED034C1D9FB51600154A82 /* AppDelegate.swift */; };
		19ED034F1D9FB51600154A82 /* ViewController.swift in Sources */ = {isa = PBXBuildFile; fileRef = 19ED034E1D9FB51600154A82 /* ViewController.swift */; };
		19ED03521D9FB51600154A82 /* Main.storyboard in Resources */ = {isa = PBXBuildFile; fileRef = 19ED03501D9FB51600154A82 /* Main.storyboard */; };
		19ED03551D9FB51600154A82 /* FantasyJudoGame.xcdatamodeld in Sources */ = {isa = PBXBuildFile; fileRef = 19ED03531D9FB51600154A82 /* FantasyJudoGame.xcdatamodeld */; };
		19ED03571D9FB51600154A82 /* Assets.xcassets in Resources */ = {isa = PBXBuildFile; fileRef = 19ED03561D9FB51600154A82 /* Assets.xcassets */; };
		19ED035A1D9FB51600154A82 /* LaunchScreen.storyboard in Resources */ = {isa = PBXBuildFile; fileRef = 19ED03581D9FB51600154A82 /* LaunchScreen.storyboard */; };
/* End PBXBuildFile section */

/* Begin PBXFileReference section */
		19ED03491D9FB51600154A82 /* FantasyJudoGame.app */ = {isa = PBXFileReference; explicitFileType = wrapper.application; includeInIndex = 0; path = FantasyJudoGame.app; sourceTree = BUILT_PRODUCTS_DIR; };
		19ED034C1D9FB51600154A82 /* AppDelegate.swift */ = {isa = PBXFileReference; lastKnownFileType = sourcecode.swift; path = AppDelegate.swift; sourceTree = "<group>"; };
		19ED034E1D9FB51600154A82 /* ViewController.swift */ = {isa = PBXFileReference; lastKnownFileType = sourcecode.swift; path = ViewController.swift; sourceTree = "<group>"; };
		19ED03511D9FB51600154A82 /* Base */ = {isa = PBXFileReference; lastKnownFileType = file.storyboard; name = Base; path = Base.lproj/Main.storyboard; sourceTree = "<group>"; };
		19ED03541D9FB51600154A82 /* FantasyJudoGame.xcdatamodel */ = {isa = PBXFileReference; lastKnownFileType = wrapper.xcdatamodel; path = FantasyJudoGame.xcdatamodel; sourceTree = "<group>"; };
		19ED03561D9FB51600154A82 /* Assets.xcassets */ = {isa = PBXFileReference; lastKnownFileType = folder.assetcatalog; path = Assets.xcassets; sourceTree = "<group>"; };
		19ED03591D9FB51600154A82 /* Base */ = {isa = PBXFileReference; lastKnownFileType = file.storyboard; name = Base; path = Base.lproj/LaunchScreen.storyboard; sourceTree = "<group>"; };
		19ED035B1D9FB51600154A82 /* Info.plist */ = {isa = PBXFileReference; lastKnownFileType = text.plist.xml; path = Info.plist; sourceTree = "<group>"; };
/* End PBXFileReference section */

/* Begin PBXFrameworksBuildPhase section */
		19ED03461D9FB51600154A82 /* Frameworks */ = {
			isa = PBXFrameworksBuildPhase;
			buildActionMask = 2147483647;
			files = (
			);
			runOnlyForDeploymentPostprocessing = 0;
		};
/* End PBXFrameworksBuildPhase section */

/* Begin PBXGroup section */
		19ED03401D9FB51600154A82 = {
			isa = PBXGroup;
			children = (
				19ED034B1D9FB51600154A82 /* FantasyJudoGame */,
				19ED034A1D9FB51600154A82 /* Products */,
			);
			sourceTree = "<group>";
		};
		19ED034A1D9FB51600154A82 /* Products */ = {
			isa = PBXGroup;
			children = (
				19ED03491D9FB51600154A82 /* FantasyJudoGame.app */,
			);
			name = Products;
			sourceTree = "<group>";
		};
		19ED034B1D9FB51600154A82 /* FantasyJudoGame */ = {
			isa = PBXGroup;
			children = (
				19ED034C1D9FB51600154A82 /* AppDelegate.swift */,
				19ED034E1D9FB51600154A82 /* ViewController.swift */,
				19ED03501D9FB51600154A82 /* Main.storyboard */,
				19ED03561D9FB51600154A82 /* Assets.xcassets */,
				19ED03581D9FB51600154A82 /* LaunchScreen.storyboard */,
				19ED035B1D9FB51600154A82 /* Info.plist */,
				19ED03531D9FB51600154A82 /* FantasyJudoGame.xcdatamodeld */,
			);
			path = FantasyJudoGame;
			sourceTree = "<group>";
		};
/* End PBXGroup section */

/* Begin PBXNativeTarget section */
		19ED03481D9FB51600154A82 /* FantasyJudoGame */ = {
			isa = PBXNativeTarget;
			buildConfigurationList = 19ED035E1D9FB51600154A82 /* Build configuration list for PBXNativeTarget "FantasyJudoGame" */;
			buildPhases = (
				19ED03451D9FB51600154A82 /* Sources */,
				19ED03461D9FB51600154A82 /* Frameworks */,
				19ED03471D9FB51600154A82 /* Resources */,
			);
			buildRules = (
			);
			dependencies = (
			);
			name = FantasyJudoGame;
			productName = FantasyJudoGame;
			productReference = 19ED03491D9FB51600154A82 /* FantasyJudoGame.app */;
			productType = "com.apple.product-type.application";
		};
/* End PBXNativeTarget section */

/* Begin PBXProject section */
		19ED03411D9FB51600154A82 /* Project object */ = {
			isa = PBXProject;
			attributes = {
				LastSwiftUpdateCheck = 0730;
				LastUpgradeCheck = 0730;
				ORGANIZATIONNAME = "Boris Rudas";
				TargetAttributes = {
					19ED03481D9FB51600154A82 = {
						CreatedOnToolsVersion = 7.3;
					};
				};
			};
			buildConfigurationList = 19ED03441D9FB51600154A82 /* Build configuration list for PBXProject "FantasyJudoGame" */;
			compatibilityVersion = "Xcode 3.2";
			developmentRegion = English;
			hasScannedForEncodings = 0;
			knownRegions = (
				en,
				Base,
			);
			mainGroup = 19ED03401D9FB51600154A82;
			productRefGroup = 19ED034A1D9FB51600154A82 /* Products */;
			projectDirPath = "";
			projectRoot = "";
			targets = (
				19ED03481D9FB51600154A82 /* FantasyJudoGame */,
			);
		};
/* End PBXProject section */

/* Begin PBXResourcesBuildPhase section */
		19ED03471D9FB51600154A82 /* Resources */ = {
			isa = PBXResourcesBuildPhase;
			buildActionMask = 2147483647;
			files = (
				19ED035A1D9FB51600154A82 /* LaunchScreen.storyboard in Resources */,
				19ED03571D9FB51600154A82 /* Assets.xcassets in Resources */,
				19ED03521D9FB51600154A82 /* Main.storyboard in Resources */,
			);
			runOnlyForDeploymentPostprocessing = 0;
		};
/* End PBXResourcesBuildPhase section */

/* Begin PBXSourcesBuildPhase section */
		19ED03451D9FB51600154A82 /* Sources */ = {
			isa = PBXSourcesBuildPhase;
			buildActionMask = 2147483647;
			files = (
				19ED034F1D9FB51600154A82 /* ViewController.swift in Sources */,
				19ED034D1D9FB51600154A82 /* AppDelegate.swift in Sources */,
				19ED03551D9FB51600154A82 /* FantasyJudoGame.xcdatamodeld in Sources */,
			);
			runOnlyForDeploymentPostprocessing = 0;
		};
/* End PBXSourcesBuildPhase section */

/* Begin PBXVariantGroup section */
		19ED03501D9FB51600154A82 /* Main.storyboard */ = {
			isa = PBXVariantGroup;
			children = (
				19ED03511D9FB51600154A82 /* Base */,
			);
			name = Main.storyboard;
			sourceTree = "<group>";
		};
		19ED03581D9FB51600154A82 /* LaunchScreen.storyboard */ = {
			isa = PBXVariantGroup;
			children = (
				19ED03591D9FB51600154A82 /* Base */,
			);
			name = LaunchScreen.storyboard;
			sourceTree = "<group>";
		};
/* End PBXVariantGroup section */

/* Begin XCBuildConfiguration section */
		19ED035C1D9FB51600154A82 /* Debug */ = {
			isa = XCBuildConfiguration;
			buildSettings = {
				ALWAYS_SEARCH_USER_PATHS = NO;
				CLANG_ANALYZER_NONNULL = YES;
				CLANG_CXX_LANGUAGE_STANDARD = "gnu++0x";
				CLANG_CXX_LIBRARY = "libc++";
				CLANG_ENABLE_MODULES = YES;
				CLANG_ENABLE_OBJC_ARC = YES;
				CLANG_WARN_BOOL_CONVERSION = YES;
				CLANG_WARN_CONSTANT_CONVERSION = YES;
				CLANG_WARN_DIRECT_OBJC_ISA_USAGE = YES_ERROR;
				CLANG_WARN_EMPTY_BODY = YES;
				CLANG_WARN_ENUM_CONVERSION = YES;
				CLANG_WARN_INT_CONVERSION = YES;
				CLANG_WARN_OBJC_ROOT_CLASS = YES_ERROR;
				CLANG_WARN_UNREACHABLE_CODE = YES;
				CLANG_WARN__DUPLICATE_METHOD_MATCH = YES;
				"CODE_SIGN_IDENTITY[sdk=iphoneos*]" = "iPhone Developer";
				COPY_PHASE_STRIP = NO;
				DEBUG_INFORMATION_FORMAT = dwarf;
				ENABLE_STRICT_OBJC_MSGSEND = YES;
				ENABLE_TESTABILITY = YES;
				GCC_C_LANGUAGE_STANDARD = gnu99;
				GCC_DYNAMIC_NO_PIC = NO;
				GCC_NO_COMMON_BLOCKS = YES;
				GCC_OPTIMIZATION_LEVEL = 0;
				GCC_PREPROCESSOR_DEFINITIONS = (
					"DEBUG=1",
					"$(inherited)",
				);
				GCC_WARN_64_TO_32_BIT_CONVERSION = YES;
				GCC_WARN_ABOUT_RETURN_TYPE = YES_ERROR;
				GCC_WARN_UNDECLARED_SELECTOR = YES;
				GCC_WARN_UNINITIALIZED_AUTOS = YES_AGGRESSIVE;
				GCC_WARN_UNUSED_FUNCTION = YES;
				GCC_WARN_UNUSED_VARIABLE = YES;
				IPHONEOS_DEPLOYMENT_TARGET = 9.3;
				MTL_ENABLE_DEBUG_INFO = YES;
				ONLY_ACTIVE_ARCH = YES;
				SDKROOT = iphoneos;
				SWIFT_OPTIMIZATION_LEVEL = "-Onone";
			};
			name = Debug;
		};
		19ED035D1D9FB51600154A82 /* Release */ = {
			isa = XCBuildConfiguration;
			buildSettings = {
				ALWAYS_SEARCH_USER_PATHS = NO;
				CLANG_ANALYZER_NONNULL = YES;
				CLANG_CXX_LANGUAGE_STANDARD = "gnu++0x";
				CLANG_CXX_LIBRARY = "libc++";
				CLANG_ENABLE_MODULES = YES;
				CLANG_ENABLE_OBJC_ARC = YES;
				CLANG_WARN_BOOL_CONVERSION = YES;
				CLANG_WARN_CONSTANT_CONVERSION = YES;
				CLANG_WARN_DIRECT_OBJC_ISA_USAGE = YES_ERROR;
				CLANG_WARN_EMPTY_BODY = YES;
				CLANG_WARN_ENUM_CONVERSION = YES;
				CLANG_WARN_INT_CONVERSION = YES;
				CLANG_WARN_OBJC_ROOT_CLASS = YES_ERROR;
				CLANG_WARN_UNREACHABLE_CODE = YES;
				CLANG_WARN__DUPLICATE_METHOD_MATCH = YES;
				"CODE_SIGN_IDENTITY[sdk=iphoneos*]" = "iPhone Developer";
				COPY_PHASE_STRIP = NO;
				DEBUG_INFORMATION_FORMAT = "dwarf-with-dsym";
				ENABLE_NS_ASSERTIONS = NO;
				ENABLE_STRICT_OBJC_MSGSEND = YES;
				GCC_C_LANGUAGE_STANDARD = gnu99;
				GCC_NO_COMMON_BLOCKS = YES;
				GCC_WARN_64_TO_32_BIT_CONVERSION = YES;
				GCC_WARN_ABOUT_RETURN_TYPE = YES_ERROR;
				GCC_WARN_UNDECLARED_SELECTOR = YES;
				GCC_WARN_UNINITIALIZED_AUTOS = YES_AGGRESSIVE;
				GCC_WARN_UNUSED_FUNCTION = YES;
				GCC_WARN_UNUSED_VARIABLE = YES;
				IPHONEOS_DEPLOYMENT_TARGET = 9.3;
				MTL_ENABLE_DEBUG_INFO = NO;
				SDKROOT = iphoneos;
				VALIDATE_PRODUCT = YES;
			};
			name = Release;
		};
		19ED035F1D9FB51600154A82 /* Debug */ = {
			isa = XCBuildConfiguration;
			buildSettings = {
				ASSETCATALOG_COMPILER_APPICON_NAME = AppIcon;
				INFOPLIST_FILE = FantasyJudoGame/Info.plist;
				LD_RUNPATH_SEARCH_PATHS = "$(inherited) @executable_path/Frameworks";
				PRODUCT_BUNDLE_IDENTIFIER = com.bobek00.FantasyJudoGame;
				PRODUCT_NAME = "$(TARGET_NAME)";
			};
			name = Debug;
		};
		19ED03601D9FB51600154A82 /* Release */ = {
			isa = XCBuildConfiguration;
			buildSettings = {
				ASSETCATALOG_COMPILER_APPICON_NAME = AppIcon;
				INFOPLIST_FILE = FantasyJudoGame/Info.plist;
				LD_RUNPATH_SEARCH_PATHS = "$(inherited) @executable_path/Frameworks";
				PRODUCT_BUNDLE_IDENTIFIER = com.bobek00.FantasyJudoGame;
				PRODUCT_NAME = "$(TARGET_NAME)";
			};
			name = Release;
		};
/* End XCBuildConfiguration section */

/* Begin XCConfigurationList section */
		19ED03441D9FB51600154A82 /* Build configuration list for PBXProject "FantasyJudoGame" */ = {
			isa = XCConfigurationList;
			buildConfigurations = (
				19ED035C1D9FB51600154A82 /* Debug */,
				19ED035D1D9FB51600154A82 /* Release */,
			);
			defaultConfigurationIsVisible = 0;
			defaultConfigurationName = Release;
		};
		19ED035E1D9FB51600154A82 /* Build configuration list for PBXNativeTarget "FantasyJudoGame" */ = {
			isa = XCConfigurationList;
			buildConfigurations = (
				19ED035F1D9FB51600154A82 /* Debug */,
				19ED03601D9FB51600154A82 /* Release */,
			);
			defaultConfigurationIsVisible = 0;
		};
/* End XCConfigurationList section */

/* Begin XCVersionGroup section */
		19ED03531D9FB51600154A82 /* FantasyJudoGame.xcdatamodeld */ = {
			isa = XCVersionGroup;
			children = (
				19ED03541D9FB51600154A82 /* FantasyJudoGame.xcdatamodel */,
			);
			currentVersion = 19ED03541D9FB51600154A82 /* FantasyJudoGame.xcdatamodel */;
			path = FantasyJudoGame.xcdatamodeld;
			sourceTree = "<group>";
			versionGroupType = wrapper.xcdatamodel;
		};
/* End XCVersionGroup section */
	};
	rootObject = 19ED03411D9FB51600154A82 /* Project object */;
}
